
Microsoft Visual Studio Solution File, Format Version 12.00
# Visual Studio Version 17
VisualStudioVersion = 17.8.34408.163
MinimumVisualStudioVersion = 10.0.40219.1
Project("{8BC9CEB8-8B4A-11D0-8D11-00A0C91BC942}") = "week13", "week13.vcxproj", "{E550B3F5-2BD3-4855-BFE7-3547A55295DE}"
EndProject
Global
	GlobalSection(SolutionConfigurationPlatforms) = preSolution
		Debug|x64 = Debug|x64
		Debug|x86 = Debug|x86
		Release|x64 = Release|x64
		Release|x86 = Release|x86
	EndGlobalSection
	GlobalSection(ProjectConfigurationPlatforms) = postSolution
		{E550B3F5-2BD3-4855-BFE7-3547A55295DE}.Debug|x64.ActiveCfg = Debug|x64
		{E550B3F5-2BD3-4855-BFE7-3547A55295DE}.Debug|x64.Build.0 = Debug|x64
		{E550B3F5-2BD3-4855-BFE7-3547A55295DE}.Debug|x86.ActiveCfg = Debug|Win32
		{E550B3F5-2BD3-4855-BFE7-3547A55295DE}.Debug|x86.Build.0 = Debug|Win32
		{E550B3F5-2BD3-4855-BFE7-3547A55295DE}.Release|x64.ActiveCfg = Release|x64
		{E550B3F5-2BD3-4855-BFE7-3547A55295DE}.Release|x64.Build.0 = Release|x64
		{E550B3F5-2BD3-4855-BFE7-3547A55295DE}.Release|x86.ActiveCfg = Release|Win32
		{E550B3F5-2BD3-4855-BFE7-3547A55295DE}.Release|x86.Build.0 = Release|Win32
	EndGlobalSection
	GlobalSection(SolutionProperties) = preSolution
		HideSolutionNode = FALSE
	EndGlobalSection
	GlobalSection(ExtensibilityGlobals) = postSolution
		SolutionGuid = {BB219151-4214-41A1-88B0-6291654A4C40}
	EndGlobalSection
EndGlobal
